{
  "nodes": {
    "flakeNimbleLib": {
      "inputs": {
        "nixpkgs": [
          "nixpkgs"
        ]
      },
      "locked": {
        "lastModified": 1662018438,
        "narHash": "sha256-QtNtU6+LX3Wokxf0zlFwKTFOcn6TeDjKQZ+DA9OYtvM=",
        "owner": "riinr",
        "repo": "nim-flakes-lib",
        "rev": "b1fe8340736e3a85d25c709ac3dfd82a55c03cbf",
        "type": "github"
      },
      "original": {
        "owner": "riinr",
        "ref": "master",
        "repo": "nim-flakes-lib",
        "type": "github"
      }
    },
    "nimates-master": {
      "inputs": {
        "flakeNimbleLib": [
          "flakeNimbleLib"
        ],
        "nixpkgs": [
          "nixpkgs"
        ],
        "src-nimates-master": "src-nimates-master"
      },
      "locked": {
        "dir": "master",
        "lastModified": 1662254642,
        "narHash": "sha256-y7PxifakAQt6ZfgtJXPxdGrL95Py7fVv73heNXgfVls=",
        "owner": "nim-nix-pkgs",
        "repo": "nimates",
        "rev": "4020583bb5678b206bc71dde2e3e086fae255c42",
        "type": "github"
      },
      "original": {
        "dir": "master",
        "owner": "nim-nix-pkgs",
        "ref": "master",
        "repo": "nimates",
        "type": "github"
      }
    },
    "nixpkgs": {
      "locked": {
        "lastModified": 1667110639,
        "narHash": "sha256-4FbPESZ5LbqQxkJJJBAfk/zKgF9h/4kyUwjjpJwYlbc=",
        "owner": "NixOS",
        "repo": "nixpkgs",
        "rev": "f38a1f04d1bec1feb61fd101a0539ae2002a7087",
        "type": "github"
      },
      "original": {
        "id": "nixpkgs",
        "type": "indirect"
      }
    },
    "root": {
      "inputs": {
        "flakeNimbleLib": "flakeNimbleLib",
        "nimates-master": "nimates-master",
        "nixpkgs": "nixpkgs"
      }
    },
    "src-nimates-master": {
      "flake": false,
      "locked": {
        "lastModified": 1509780164,
        "narHash": "sha256-O6s39WIijWNtsGv0JJTkh1iZn3oh3JJIpdCOOP9BXDM=",
        "owner": "jamesalbert",
        "repo": "nimates",
        "rev": "97e426f64835ebc868d75b5f74470496426152e7",
        "type": "github"
      },
      "original": {
        "owner": "jamesalbert",
        "ref": "refs/heads/master",
        "repo": "nimates",
        "type": "github"
      }
    }
  },
  "root": "root",
  "version": 7
}
